
Microsoft Visual Studio Solution File, Format Version 12.00
# Visual Studio 2013
VisualStudioVersion = 12.0.31101.0
MinimumVisualStudioVersion = 10.0.40219.1
Project("{FAE04EC0-301F-11D3-BF4B-00C04F79EFBC}") = "TestModule2", "TestModule2\TestModule2.csproj", "{AFD87D23-10B0-4ABE-8B91-916EE1BBFAE1}"
EndProject
Global
	GlobalSection(SolutionConfigurationPlatforms) = preSolution
		Debug|Any CPU = Debug|Any CPU
		Release|Any CPU = Release|Any CPU
	EndGlobalSection
	GlobalSection(ProjectConfigurationPlatforms) = postSolution
		{AFD87D23-10B0-4ABE-8B91-916EE1BBFAE1}.Debug|Any CPU.ActiveCfg = Debug|Any CPU
		{AFD87D23-10B0-4ABE-8B91-916EE1BBFAE1}.Debug|Any CPU.Build.0 = Debug|Any CPU
		{AFD87D23-10B0-4ABE-8B91-916EE1BBFAE1}.Release|Any CPU.ActiveCfg = Release|Any CPU
		{AFD87D23-10B0-4ABE-8B91-916EE1BBFAE1}.Release|Any CPU.Build.0 = Release|Any CPU
	EndGlobalSection
	GlobalSection(SolutionProperties) = preSolution
		HideSolutionNode = FALSE
	EndGlobalSection
EndGlobal
